
Microsoft Visual Studio Solution File, Format Version 12.00
# Visual Studio Version 17
VisualStudioVersion = 17.0.31903.59
MinimumVisualStudioVersion = 10.0.40219.1
Project("{FAE04EC0-301F-11D3-BF4B-00C04F79EFBC}") = "TaskManager.Domain", "TaskManager.Domain\TaskManager.Domain.csproj", "{24CCDEDE-2890-4E66-ABD3-209D13564B31}"
EndProject
Project("{FAE04EC0-301F-11D3-BF4B-00C04F79EFBC}") = "TaskManager.Application", "TaskManager.Application\TaskManager.Application.csproj", "{F09DAEF7-2D3F-44FF-AB76-1FC9D0EBC16F}"
EndProject
Project("{FAE04EC0-301F-11D3-BF4B-00C04F79EFBC}") = "TaskManager.Infrastructure", "TaskManager.Infrastructure\TaskManager.Infrastructure.csproj", "{A4376410-9BB8-43AA-A13B-0F2FB29DDA25}"
EndProject
Project("{FAE04EC0-301F-11D3-BF4B-00C04F79EFBC}") = "TaskManager.Api", "TaskManager.Api\TaskManager.Api.csproj", "{902B5E99-6C74-4B0A-8335-38481523EEE4}"
EndProject
Project("{FAE04EC0-301F-11D3-BF4B-00C04F79EFBC}") = "TaskManager.Tests", "TaskManager.Tests\TaskManager.Tests.csproj", "{054C6D51-DFF1-4569-B812-D5C957000BDA}"
EndProject
Global
	GlobalSection(SolutionConfigurationPlatforms) = preSolution
		Debug|Any CPU = Debug|Any CPU
		Debug|x64 = Debug|x64
		Debug|x86 = Debug|x86
		Release|Any CPU = Release|Any CPU
		Release|x64 = Release|x64
		Release|x86 = Release|x86
	EndGlobalSection
	GlobalSection(ProjectConfigurationPlatforms) = postSolution
		{24CCDEDE-2890-4E66-ABD3-209D13564B31}.Debug|Any CPU.ActiveCfg = Debug|Any CPU
		{24CCDEDE-2890-4E66-ABD3-209D13564B31}.Debug|Any CPU.Build.0 = Debug|Any CPU
		{24CCDEDE-2890-4E66-ABD3-209D13564B31}.Debug|x64.ActiveCfg = Debug|Any CPU
		{24CCDEDE-2890-4E66-ABD3-209D13564B31}.Debug|x64.Build.0 = Debug|Any CPU
		{24CCDEDE-2890-4E66-ABD3-209D13564B31}.Debug|x86.ActiveCfg = Debug|Any CPU
		{24CCDEDE-2890-4E66-ABD3-209D13564B31}.Debug|x86.Build.0 = Debug|Any CPU
		{24CCDEDE-2890-4E66-ABD3-209D13564B31}.Release|Any CPU.ActiveCfg = Release|Any CPU
		{24CCDEDE-2890-4E66-ABD3-209D13564B31}.Release|Any CPU.Build.0 = Release|Any CPU
		{24CCDEDE-2890-4E66-ABD3-209D13564B31}.Release|x64.ActiveCfg = Release|Any CPU
		{24CCDEDE-2890-4E66-ABD3-209D13564B31}.Release|x64.Build.0 = Release|Any CPU
		{24CCDEDE-2890-4E66-ABD3-209D13564B31}.Release|x86.ActiveCfg = Release|Any CPU
		{24CCDEDE-2890-4E66-ABD3-209D13564B31}.Release|x86.Build.0 = Release|Any CPU
		{F09DAEF7-2D3F-44FF-AB76-1FC9D0EBC16F}.Debug|Any CPU.ActiveCfg = Debug|Any CPU
		{F09DAEF7-2D3F-44FF-AB76-1FC9D0EBC16F}.Debug|Any CPU.Build.0 = Debug|Any CPU
		{F09DAEF7-2D3F-44FF-AB76-1FC9D0EBC16F}.Debug|x64.ActiveCfg = Debug|Any CPU
		{F09DAEF7-2D3F-44FF-AB76-1FC9D0EBC16F}.Debug|x64.Build.0 = Debug|Any CPU
		{F09DAEF7-2D3F-44FF-AB76-1FC9D0EBC16F}.Debug|x86.ActiveCfg = Debug|Any CPU
		{F09DAEF7-2D3F-44FF-AB76-1FC9D0EBC16F}.Debug|x86.Build.0 = Debug|Any CPU
		{F09DAEF7-2D3F-44FF-AB76-1FC9D0EBC16F}.Release|Any CPU.ActiveCfg = Release|Any CPU
		{F09DAEF7-2D3F-44FF-AB76-1FC9D0EBC16F}.Release|Any CPU.Build.0 = Release|Any CPU
		{F09DAEF7-2D3F-44FF-AB76-1FC9D0EBC16F}.Release|x64.ActiveCfg = Release|Any CPU
		{F09DAEF7-2D3F-44FF-AB76-1FC9D0EBC16F}.Release|x64.Build.0 = Release|Any CPU
		{F09DAEF7-2D3F-44FF-AB76-1FC9D0EBC16F}.Release|x86.ActiveCfg = Release|Any CPU
		{F09DAEF7-2D3F-44FF-AB76-1FC9D0EBC16F}.Release|x86.Build.0 = Release|Any CPU
		{A4376410-9BB8-43AA-A13B-0F2FB29DDA25}.Debug|Any CPU.ActiveCfg = Debug|Any CPU
		{A4376410-9BB8-43AA-A13B-0F2FB29DDA25}.Debug|Any CPU.Build.0 = Debug|Any CPU
		{A4376410-9BB8-43AA-A13B-0F2FB29DDA25}.Debug|x64.ActiveCfg = Debug|Any CPU
		{A4376410-9BB8-43AA-A13B-0F2FB29DDA25}.Debug|x64.Build.0 = Debug|Any CPU
		{A4376410-9BB8-43AA-A13B-0F2FB29DDA25}.Debug|x86.ActiveCfg = Debug|Any CPU
		{A4376410-9BB8-43AA-A13B-0F2FB29DDA25}.Debug|x86.Build.0 = Debug|Any CPU
		{A4376410-9BB8-43AA-A13B-0F2FB29DDA25}.Release|Any CPU.ActiveCfg = Release|Any CPU
		{A4376410-9BB8-43AA-A13B-0F2FB29DDA25}.Release|Any CPU.Build.0 = Release|Any CPU
		{A4376410-9BB8-43AA-A13B-0F2FB29DDA25}.Release|x64.ActiveCfg = Release|Any CPU
		{A4376410-9BB8-43AA-A13B-0F2FB29DDA25}.Release|x64.Build.0 = Release|Any CPU
		{A4376410-9BB8-43AA-A13B-0F2FB29DDA25}.Release|x86.ActiveCfg = Release|Any CPU
		{A4376410-9BB8-43AA-A13B-0F2FB29DDA25}.Release|x86.Build.0 = Release|Any CPU
		{902B5E99-6C74-4B0A-8335-38481523EEE4}.Debug|Any CPU.ActiveCfg = Debug|Any CPU
		{902B5E99-6C74-4B0A-8335-38481523EEE4}.Debug|Any CPU.Build.0 = Debug|Any CPU
		{902B5E99-6C74-4B0A-8335-38481523EEE4}.Debug|x64.ActiveCfg = Debug|Any CPU
		{902B5E99-6C74-4B0A-8335-38481523EEE4}.Debug|x64.Build.0 = Debug|Any CPU
		{902B5E99-6C74-4B0A-8335-38481523EEE4}.Debug|x86.ActiveCfg = Debug|Any CPU
		{902B5E99-6C74-4B0A-8335-38481523EEE4}.Debug|x86.Build.0 = Debug|Any CPU
		{902B5E99-6C74-4B0A-8335-38481523EEE4}.Release|Any CPU.ActiveCfg = Release|Any CPU
		{902B5E99-6C74-4B0A-8335-38481523EEE4}.Release|Any CPU.Build.0 = Release|Any CPU
		{902B5E99-6C74-4B0A-8335-38481523EEE4}.Release|x64.ActiveCfg = Release|Any CPU
		{902B5E99-6C74-4B0A-8335-38481523EEE4}.Release|x64.Build.0 = Release|Any CPU
		{902B5E99-6C74-4B0A-8335-38481523EEE4}.Release|x86.ActiveCfg = Release|Any CPU
		{902B5E99-6C74-4B0A-8335-38481523EEE4}.Release|x86.Build.0 = Release|Any CPU
		{054C6D51-DFF1-4569-B812-D5C957000BDA}.Debug|Any CPU.ActiveCfg = Debug|Any CPU
		{054C6D51-DFF1-4569-B812-D5C957000BDA}.Debug|Any CPU.Build.0 = Debug|Any CPU
		{054C6D51-DFF1-4569-B812-D5C957000BDA}.Debug|x64.ActiveCfg = Debug|Any CPU
		{054C6D51-DFF1-4569-B812-D5C957000BDA}.Debug|x64.Build.0 = Debug|Any CPU
		{054C6D51-DFF1-4569-B812-D5C957000BDA}.Debug|x86.ActiveCfg = Debug|Any CPU
		{054C6D51-DFF1-4569-B812-D5C957000BDA}.Debug|x86.Build.0 = Debug|Any CPU
		{054C6D51-DFF1-4569-B812-D5C957000BDA}.Release|Any CPU.ActiveCfg = Release|Any CPU
		{054C6D51-DFF1-4569-B812-D5C957000BDA}.Release|Any CPU.Build.0 = Release|Any CPU
		{054C6D51-DFF1-4569-B812-D5C957000BDA}.Release|x64.ActiveCfg = Release|Any CPU
		{054C6D51-DFF1-4569-B812-D5C957000BDA}.Release|x64.Build.0 = Release|Any CPU
		{054C6D51-DFF1-4569-B812-D5C957000BDA}.Release|x86.ActiveCfg = Release|Any CPU
		{054C6D51-DFF1-4569-B812-D5C957000BDA}.Release|x86.Build.0 = Release|Any CPU
	EndGlobalSection
	GlobalSection(SolutionProperties) = preSolution
		HideSolutionNode = FALSE
	EndGlobalSection
EndGlobal
